github.com/Showmax/go-fqdn v1.0.0 h1:0rG5IbmVliNT5O19Mfuvna9LL7zlHyRfsSvBPZmF9tM=
github.com/Showmax/go-fqdn v1.0.0/go.mod h1:SfrFBzmDCtCGrnHhoDjuvFnKsWjEQX/Q9ARZvOrJAko=
github.com/fsnotify/fsnotify v1.5.4 h1:jRbGcIw6P2Meqdwuo0H1p6JVLbL5DHKAKlYndzMwVZI=
github.com/fsnotify/fsnotify v1.5.4/go.mod h1:OVB6XrOHzAwXMpEM7uPOzcehqUV2UqJxmVXmkdnm1bU=
github.com/go-sql-driver/mysql v1.6.0 h1:BCTh4TKNUYmOmMUcQ3IipzF5prigylS7XXjEkfCHuOE=
github.com/go-sql-driver/mysql v1.6.0/go.mod h1:DCzpHaOWr8IXmIStZouvnhqoel9Qv2LBy8hT2VhHyBg=
github.com/google/uuid v1.3.0 h1:t6JiXgmwXMjEs8VusXIJk2BXHsn+wx8BZdTaoZ5fu7I=
github.com/google/uuid v1.3.0/go.mod h1:TIyPZe4MgqvfeYDBFedMoGGpEw/LqOeaOT+nhxU+yHo=
github.com/quadtrix/aesengine v0.0.0-20230802091001-7827ba49b67d h1:xNo0macBVLMWCAAPRblR4Ai3Xz8iAoNf522Y32pkXCE=
github.com/quadtrix/aesengine v0.0.0-20230802091001-7827ba49b67d/go.mod h1:MTYiXwLJz46KqVSTWTCCw2o19FVwQqjhNm6G9TwEbMI=
github.com/quadtrix/audit v0.0.0-20220915120706-0d274eee61e2 h1:yKNkUurX6H6HhN2XfEZicDvMJJpdsB51eGp+SLn0o+g=
github.com/quadtrix/audit v0.0.0-20220915120706-0d274eee61e2/go.mod h1:tZDI2OwEGG1ERaa1DlpHOKpRP5k02lOxTd3v+v2Twmk=
github.com/quadtrix/certmgr v0.0.0-20221006151517-a8ef31d9ae80 h1:lXYgbSaWxN0wdny+GHXjDcuoob+oHpkxV4Z94xJ0LGM=
github.com/quadtrix/certmgr v0.0.0-20221006151517-a8ef31d9ae80/go.mod h1:DpUEPpX5nieW9OkEei72MRvujF/JnhdFnmhL54GnXts=
github.com/quadtrix/client_connector v0.0.0-20221009195911-96e8762ce08f h1:mPNK4fY1Ej+wE0wrwpxRfMD3Q4cYeSAkPd10zVEYDCI=
github.com/quadtrix/client_connector v0.0.0-20221009195911-96e8762ce08f/go.mod h1:XBTtyolLt8AaHYS++SSFujzXI+lGUB7ImV8Rui9sgg8=
github.com/quadtrix/configmanager v0.0.0-20221004105017-4e3646c35da8 h1:7i6o3hIQ2Q0aTg8M/UPMMpoUCN2tPdT1iFWC1pIZBjg=
github.com/quadtrix/configmanager v0.0.0-20221004105017-4e3646c35da8/go.mod h1:RZRJpT5g3Y/3XSDO/TWUM2HP4KMAd3C5eVcfaYCEoh8=
github.com/quadtrix/delta_core v0.0.0-20221009194523-f5975736ad6d h1:DY0kXJqDr0x1CmLZRf5TmSBLOLV+VlB4/Nzk+9CoMlY=
github.com/quadtrix/delta_core v0.0.0-20221009194523-f5975736ad6d/go.mod h1:sGZAAn5U+8Fiw/a24XdZE8vUF0GNTtAT7yz1C9oLES0=
github.com/quadtrix/discoverer v0.0.0-20221009175552-d61949c87543 h1:XkJHt7N/Ay/8EHjb+b4+4+w1x8ny5zx77QhjO2N5s4Y=
github.com/quadtrix/discoverer v0.0.0-20221009175552-d61949c87543/go.mod h1:m5zgqgTPRobPAY6yr4dY64Fl+iDQjHrtQjJjGOeKZ74=
github.com/quadtrix/mysqldb v0.0.0-20221006143038-bc96d32ddb4b h1:lE1CIdDyMdiQ8zdgcphAPXt9XhiBKxhZ0deagAGxyHg=
github.com/quadtrix/mysqldb v0.0.0-20221006143038-bc96d32ddb4b/go.mod h1:VterBe0mEuPIwuQGiy3sitwMuFyTSaPs1/PeJsupCu8=
github.com/quadtrix/servicelogger v1.0.1-rc2 h1:aLULdGhkjshe7CNs/3ZFiqGEYHUSRx9vyo0LtmUZcKA=
github.com/quadtrix/servicelogger v1.0.1-rc2/go.mod h1:Flopvk6JG16uUTEUMkHxNOaM9Yi0xyqAL/bl4Yf9Odc=
golang.org/x/sys v0.0.0-20220412211240-33da011f77ad h1:ntjMns5wyP/fN65tdBD4g8J5w8n015+iIIs9rtjXkY0=
golang.org/x/sys v0.0.0-20220412211240-33da011f77ad/go.mod h1:oPkhp1MJrh7nUepCBck5+mAzfO9JrbApNNgaTdGDITg=
